
Microsoft Visual Studio Solution File, Format Version 12.00
# Visual Studio 14
VisualStudioVersion = 14.0.25123.0
MinimumVisualStudioVersion = 10.0.40219.1
Project("{FAE04EC0-301F-11D3-BF4B-00C04F79EFBC}") = "eQuiz.Web", "Modules\eQuiz.Web\eQuiz.Web.csproj", "{1F3B7F17-BF3D-48A2-88DD-58BA48B70FC9}"
EndProject
Project("{FAE04EC0-301F-11D3-BF4B-00C04F79EFBC}") = "eQuiz.Repositories", "Modules\eQuiz.Repositories\eQuiz.Repositories.csproj", "{CC6EAA51-21C6-444A-AD34-25FC9156E508}"
EndProject
Project("{FAE04EC0-301F-11D3-BF4B-00C04F79EFBC}") = "eQuiz.Entities", "Modules\eQuizz.Entities\eQuiz.Entities.csproj", "{015BEB66-C59E-4156-9AC0-AC6277116F5C}"
EndProject
Project("{FAE04EC0-301F-11D3-BF4B-00C04F79EFBC}") = "eQuiz.Web.Test", "Tests\eQuiz.Web.Test\eQuiz.Web.Test.csproj", "{023D1DC7-1387-4796-8372-A002087B08D3}"
EndProject
Project("{2150E333-8FDC-42A3-9474-1A3956D46DE8}") = "Modules", "Modules", "{EB059E8C-0580-4613-8FCC-8D77C27971C5}"
EndProject
Project("{2150E333-8FDC-42A3-9474-1A3956D46DE8}") = "Tests", "Tests", "{531AD35D-F013-42C3-960A-2F92FC565B4D}"
EndProject
Global
	GlobalSection(SolutionConfigurationPlatforms) = preSolution
		Debug|Any CPU = Debug|Any CPU
		Release|Any CPU = Release|Any CPU
	EndGlobalSection
	GlobalSection(ProjectConfigurationPlatforms) = postSolution
		{1F3B7F17-BF3D-48A2-88DD-58BA48B70FC9}.Debug|Any CPU.ActiveCfg = Debug|Any CPU
		{1F3B7F17-BF3D-48A2-88DD-58BA48B70FC9}.Debug|Any CPU.Build.0 = Debug|Any CPU
		{1F3B7F17-BF3D-48A2-88DD-58BA48B70FC9}.Release|Any CPU.ActiveCfg = Release|Any CPU
		{1F3B7F17-BF3D-48A2-88DD-58BA48B70FC9}.Release|Any CPU.Build.0 = Release|Any CPU
		{CC6EAA51-21C6-444A-AD34-25FC9156E508}.Debug|Any CPU.ActiveCfg = Debug|Any CPU
		{CC6EAA51-21C6-444A-AD34-25FC9156E508}.Debug|Any CPU.Build.0 = Debug|Any CPU
		{CC6EAA51-21C6-444A-AD34-25FC9156E508}.Release|Any CPU.ActiveCfg = Release|Any CPU
		{CC6EAA51-21C6-444A-AD34-25FC9156E508}.Release|Any CPU.Build.0 = Release|Any CPU
		{015BEB66-C59E-4156-9AC0-AC6277116F5C}.Debug|Any CPU.ActiveCfg = Debug|Any CPU
		{015BEB66-C59E-4156-9AC0-AC6277116F5C}.Debug|Any CPU.Build.0 = Debug|Any CPU
		{015BEB66-C59E-4156-9AC0-AC6277116F5C}.Release|Any CPU.ActiveCfg = Release|Any CPU
		{015BEB66-C59E-4156-9AC0-AC6277116F5C}.Release|Any CPU.Build.0 = Release|Any CPU
		{023D1DC7-1387-4796-8372-A002087B08D3}.Debug|Any CPU.ActiveCfg = Debug|Any CPU
		{023D1DC7-1387-4796-8372-A002087B08D3}.Debug|Any CPU.Build.0 = Debug|Any CPU
		{023D1DC7-1387-4796-8372-A002087B08D3}.Release|Any CPU.ActiveCfg = Release|Any CPU
		{023D1DC7-1387-4796-8372-A002087B08D3}.Release|Any CPU.Build.0 = Release|Any CPU
	EndGlobalSection
	GlobalSection(SolutionProperties) = preSolution
		HideSolutionNode = FALSE
	EndGlobalSection
	GlobalSection(NestedProjects) = preSolution
		{1F3B7F17-BF3D-48A2-88DD-58BA48B70FC9} = {EB059E8C-0580-4613-8FCC-8D77C27971C5}
		{CC6EAA51-21C6-444A-AD34-25FC9156E508} = {EB059E8C-0580-4613-8FCC-8D77C27971C5}
		{015BEB66-C59E-4156-9AC0-AC6277116F5C} = {EB059E8C-0580-4613-8FCC-8D77C27971C5}
		{023D1DC7-1387-4796-8372-A002087B08D3} = {531AD35D-F013-42C3-960A-2F92FC565B4D}
	EndGlobalSection
EndGlobal
